
Microsoft Visual Studio Solution File, Format Version 12.00
# Visual Studio Version 17
VisualStudioVersion = 17.3.32929.385
MinimumVisualStudioVersion = 10.0.40219.1
Project("{9A19103F-16F7-4668-BE54-9A1E7A4F7556}") = "Angular_Project_Foodhub_Work_02", "Angular_Project_Foodhub_Work_02\Angular_Project_Foodhub_Work_02.csproj", "{922225B1-91B3-488E-B8E9-7A533665CEDF}"
EndProject
Global
	GlobalSection(SolutionConfigurationPlatforms) = preSolution
		Debug|Any CPU = Debug|Any CPU
		Release|Any CPU = Release|Any CPU
	EndGlobalSection
	GlobalSection(ProjectConfigurationPlatforms) = postSolution
		{922225B1-91B3-488E-B8E9-7A533665CEDF}.Debug|Any CPU.ActiveCfg = Debug|Any CPU
		{922225B1-91B3-488E-B8E9-7A533665CEDF}.Debug|Any CPU.Build.0 = Debug|Any CPU
		{922225B1-91B3-488E-B8E9-7A533665CEDF}.Release|Any CPU.ActiveCfg = Release|Any CPU
		{922225B1-91B3-488E-B8E9-7A533665CEDF}.Release|Any CPU.Build.0 = Release|Any CPU
	EndGlobalSection
	GlobalSection(SolutionProperties) = preSolution
		HideSolutionNode = FALSE
	EndGlobalSection
	GlobalSection(ExtensibilityGlobals) = postSolution
		SolutionGuid = {B1D40ECD-4E9E-4D70-8C07-9AA91EA9D1E9}
	EndGlobalSection
EndGlobal
