
Microsoft Visual Studio Solution File, Format Version 12.00
# Visual Studio Version 17
VisualStudioVersion = 17.3.32929.385
MinimumVisualStudioVersion = 10.0.40219.1
Project("{9A19103F-16F7-4668-BE54-9A1E7A4F7556}") = "Angular_Project_Foodhub_Work_01", "Angular_Project_Foodhub_Work_01.csproj", "{089EFF29-4A3E-41FB-AB28-64B97976AC7E}"
EndProject
Global
	GlobalSection(SolutionConfigurationPlatforms) = preSolution
		Debug|Any CPU = Debug|Any CPU
		Release|Any CPU = Release|Any CPU
	EndGlobalSection
	GlobalSection(ProjectConfigurationPlatforms) = postSolution
		{089EFF29-4A3E-41FB-AB28-64B97976AC7E}.Debug|Any CPU.ActiveCfg = Debug|Any CPU
		{089EFF29-4A3E-41FB-AB28-64B97976AC7E}.Debug|Any CPU.Build.0 = Debug|Any CPU
		{089EFF29-4A3E-41FB-AB28-64B97976AC7E}.Release|Any CPU.ActiveCfg = Release|Any CPU
		{089EFF29-4A3E-41FB-AB28-64B97976AC7E}.Release|Any CPU.Build.0 = Release|Any CPU
	EndGlobalSection
	GlobalSection(SolutionProperties) = preSolution
		HideSolutionNode = FALSE
	EndGlobalSection
	GlobalSection(ExtensibilityGlobals) = postSolution
		SolutionGuid = {D7AD5277-1DC9-4961-9DDB-23D6F99094C4}
	EndGlobalSection
EndGlobal
